
Microsoft Visual Studio Solution File, Format Version 12.00
# Visual Studio Version 16
VisualStudioVersion = 16.0.34601.136
MinimumVisualStudioVersion = 10.0.40219.1
Project("{FAE04EC0-301F-11D3-BF4B-00C04F79EFBC}") = "Trains", "Trains\Trains.csproj", "{AC79DF61-4FCA-4CC9-9CEF-19767C14EAD7}"
EndProject
Global
	GlobalSection(SolutionConfigurationPlatforms) = preSolution
		Debug|Any CPU = Debug|Any CPU
		Release|Any CPU = Release|Any CPU
	EndGlobalSection
	GlobalSection(ProjectConfigurationPlatforms) = postSolution
		{AC79DF61-4FCA-4CC9-9CEF-19767C14EAD7}.Debug|Any CPU.ActiveCfg = Debug|Any CPU
		{AC79DF61-4FCA-4CC9-9CEF-19767C14EAD7}.Debug|Any CPU.Build.0 = Debug|Any CPU
		{AC79DF61-4FCA-4CC9-9CEF-19767C14EAD7}.Release|Any CPU.ActiveCfg = Release|Any CPU
		{AC79DF61-4FCA-4CC9-9CEF-19767C14EAD7}.Release|Any CPU.Build.0 = Release|Any CPU
	EndGlobalSection
	GlobalSection(SolutionProperties) = preSolution
		HideSolutionNode = FALSE
	EndGlobalSection
	GlobalSection(ExtensibilityGlobals) = postSolution
		SolutionGuid = {AA9B2B37-E9B7-44DD-AFD8-B099ABE13524}
	EndGlobalSection
EndGlobal
