
Microsoft Visual Studio Solution File, Format Version 12.00
# Visual Studio Version 16
VisualStudioVersion = 16.0.34601.136
MinimumVisualStudioVersion = 10.0.40219.1
Project("{FAE04EC0-301F-11D3-BF4B-00C04F79EFBC}") = "Test9", "Test9\Test9.csproj", "{DE19C667-B90C-4BFA-9144-F95B798481CE}"
EndProject
Global
	GlobalSection(SolutionConfigurationPlatforms) = preSolution
		Debug|Any CPU = Debug|Any CPU
		Release|Any CPU = Release|Any CPU
	EndGlobalSection
	GlobalSection(ProjectConfigurationPlatforms) = postSolution
		{DE19C667-B90C-4BFA-9144-F95B798481CE}.Debug|Any CPU.ActiveCfg = Debug|Any CPU
		{DE19C667-B90C-4BFA-9144-F95B798481CE}.Debug|Any CPU.Build.0 = Debug|Any CPU
		{DE19C667-B90C-4BFA-9144-F95B798481CE}.Release|Any CPU.ActiveCfg = Release|Any CPU
		{DE19C667-B90C-4BFA-9144-F95B798481CE}.Release|Any CPU.Build.0 = Release|Any CPU
	EndGlobalSection
	GlobalSection(SolutionProperties) = preSolution
		HideSolutionNode = FALSE
	EndGlobalSection
	GlobalSection(ExtensibilityGlobals) = postSolution
		SolutionGuid = {4521A1F4-76C3-4566-9A52-2B0F24106A63}
	EndGlobalSection
EndGlobal
