
Microsoft Visual Studio Solution File, Format Version 12.00
# Visual Studio Version 16
VisualStudioVersion = 16.0.34601.136
MinimumVisualStudioVersion = 10.0.40219.1
Project("{FAE04EC0-301F-11D3-BF4B-00C04F79EFBC}") = "Movie", "Movie\Movie.csproj", "{2B0FE1D5-68F2-4BCA-9139-266A31DA9220}"
EndProject
Global
	GlobalSection(SolutionConfigurationPlatforms) = preSolution
		Debug|Any CPU = Debug|Any CPU
		Release|Any CPU = Release|Any CPU
	EndGlobalSection
	GlobalSection(ProjectConfigurationPlatforms) = postSolution
		{2B0FE1D5-68F2-4BCA-9139-266A31DA9220}.Debug|Any CPU.ActiveCfg = Debug|Any CPU
		{2B0FE1D5-68F2-4BCA-9139-266A31DA9220}.Debug|Any CPU.Build.0 = Debug|Any CPU
		{2B0FE1D5-68F2-4BCA-9139-266A31DA9220}.Release|Any CPU.ActiveCfg = Release|Any CPU
		{2B0FE1D5-68F2-4BCA-9139-266A31DA9220}.Release|Any CPU.Build.0 = Release|Any CPU
	EndGlobalSection
	GlobalSection(SolutionProperties) = preSolution
		HideSolutionNode = FALSE
	EndGlobalSection
	GlobalSection(ExtensibilityGlobals) = postSolution
		SolutionGuid = {002A277F-9E96-4337-BE54-8CF9631F4989}
	EndGlobalSection
EndGlobal
